// !$*UTF8*$!
{
	archiveVersion = 1;
	classes = {
	};
	objectVersion = 50;
	objects = {

/* Begin PBXBuildFile section */
		185FC0FE254215A6007B7A98 /* AppDelegate.swift in Sources */ = {isa = PBXBuildFile; fileRef = 185FC0FD254215A6007B7A98 /* AppDelegate.swift */; };
		185FC100254215A6007B7A98 /* SceneDelegate.swift in Sources */ = {isa = PBXBuildFile; fileRef = 185FC0FF254215A6007B7A98 /* SceneDelegate.swift */; };
		185FC102254215A6007B7A98 /* ViewController.swift in Sources */ = {isa = PBXBuildFile; fileRef = 185FC101254215A6007B7A98 /* ViewController.swift */; };
		185FC105254215A6007B7A98 /* Main.storyboard in Resources */ = {isa = PBXBuildFile; fileRef = 185FC103254215A6007B7A98 /* Main.storyboard */; };
		185FC107254215A9007B7A98 /* Assets.xcassets in Resources */ = {isa = PBXBuildFile; fileRef = 185FC106254215A9007B7A98 /* Assets.xcassets */; };
		185FC10A254215A9007B7A98 /* LaunchScreen.storyboard in Resources */ = {isa = PBXBuildFile; fileRef = 185FC108254215A9007B7A98 /* LaunchScreen.storyboard */; };
		185FC115254215A9007B7A98 /* InstagramTests.swift in Sources */ = {isa = PBXBuildFile; fileRef = 185FC114254215A9007B7A98 /* InstagramTests.swift */; };
		185FC120254215A9007B7A98 /* InstagramUITests.swift in Sources */ = {isa = PBXBuildFile; fileRef = 185FC11F254215A9007B7A98 /* InstagramUITests.swift */; };
/* End PBXBuildFile section */

/* Begin PBXContainerItemProxy section */
		185FC111254215A9007B7A98 /* PBXContainerItemProxy */ = {
			isa = PBXContainerItemProxy;
			containerPortal = 185FC0F2254215A6007B7A98 /* Project object */;
			proxyType = 1;
			remoteGlobalIDString = 185FC0F9254215A6007B7A98;
			remoteInfo = Instagram;
		};
		185FC11C254215A9007B7A98 /* PBXContainerItemProxy */ = {
			isa = PBXContainerItemProxy;
			containerPortal = 185FC0F2254215A6007B7A98 /* Project object */;
			proxyType = 1;
			remoteGlobalIDString = 185FC0F9254215A6007B7A98;
			remoteInfo = Instagram;
		};
/* End PBXContainerItemProxy section */

/* Begin PBXFileReference section */
		185FC0FA254215A6007B7A98 /* Instagram.app */ = {isa = PBXFileReference; explicitFileType = wrapper.application; includeInIndex = 0; path = Instagram.app; sourceTree = BUILT_PRODUCTS_DIR; };
		185FC0FD254215A6007B7A98 /* AppDelegate.swift */ = {isa = PBXFileReference; lastKnownFileType = sourcecode.swift; path = AppDelegate.swift; sourceTree = "<group>"; };
		185FC0FF254215A6007B7A98 /* SceneDelegate.swift */ = {isa = PBXFileReference; lastKnownFileType = sourcecode.swift; path = SceneDelegate.swift; sourceTree = "<group>"; };
		185FC101254215A6007B7A98 /* ViewController.swift */ = {isa = PBXFileReference; lastKnownFileType = sourcecode.swift; path = ViewController.swift; sourceTree = "<group>"; };
		185FC104254215A6007B7A98 /* Base */ = {isa = PBXFileReference; lastKnownFileType = file.storyboard; name = Base; path = Base.lproj/Main.storyboard; sourceTree = "<group>"; };
		185FC106254215A9007B7A98 /* Assets.xcassets */ = {isa = PBXFileReference; lastKnownFileType = folder.assetcatalog; path = Assets.xcassets; sourceTree = "<group>"; };
		185FC109254215A9007B7A98 /* Base */ = {isa = PBXFileReference; lastKnownFileType = file.storyboard; name = Base; path = Base.lproj/LaunchScreen.storyboard; sourceTree = "<group>"; };
		185FC10B254215A9007B7A98 /* Info.plist */ = {isa = PBXFileReference; lastKnownFileType = text.plist.xml; path = Info.plist; sourceTree = "<group>"; };
		185FC110254215A9007B7A98 /* InstagramTests.xctest */ = {isa = PBXFileReference; explicitFileType = wrapper.cfbundle; includeInIndex = 0; path = InstagramTests.xctest; sourceTree = BUILT_PRODUCTS_DIR; };
		185FC114254215A9007B7A98 /* InstagramTests.swift */ = {isa = PBXFileReference; lastKnownFileType = sourcecode.swift; path = InstagramTests.swift; sourceTree = "<group>"; };
		185FC116254215A9007B7A98 /* Info.plist */ = {isa = PBXFileReference; lastKnownFileType = text.plist.xml; path = Info.plist; sourceTree = "<group>"; };
		185FC11B254215A9007B7A98 /* InstagramUITests.xctest */ = {isa = PBXFileReference; explicitFileType = wrapper.cfbundle; includeInIndex = 0; path = InstagramUITests.xctest; sourceTree = BUILT_PRODUCTS_DIR; };
		185FC11F254215A9007B7A98 /* InstagramUITests.swift */ = {isa = PBXFileReference; lastKnownFileType = sourcecode.swift; path = InstagramUITests.swift; sourceTree = "<group>"; };
		185FC121254215A9007B7A98 /* Info.plist */ = {isa = PBXFileReference; lastKnownFileType = text.plist.xml; path = Info.plist; sourceTree = "<group>"; };
/* End PBXFileReference section */

/* Begin PBXFrameworksBuildPhase section */
		185FC0F7254215A6007B7A98 /* Frameworks */ = {
			isa = PBXFrameworksBuildPhase;
			buildActionMask = 2147483647;
			files = (
			);
			runOnlyForDeploymentPostprocessing = 0;
		};
		185FC10D254215A9007B7A98 /* Frameworks */ = {
			isa = PBXFrameworksBuildPhase;
			buildActionMask = 2147483647;
			files = (
			);
			runOnlyForDeploymentPostprocessing = 0;
		};
		185FC118254215A9007B7A98 /* Frameworks */ = {
			isa = PBXFrameworksBuildPhase;
			buildActionMask = 2147483647;
			files = (
			);
			runOnlyForDeploymentPostprocessing = 0;
		};
/* End PBXFrameworksBuildPhase section */

/* Begin PBXGroup section */
		185FC0F1254215A6007B7A98 = {
			isa = PBXGroup;
			children = (
				185FC0FC254215A6007B7A98 /* Instagram */,
				185FC113254215A9007B7A98 /* InstagramTests */,
				185FC11E254215A9007B7A98 /* InstagramUITests */,
				185FC0FB254215A6007B7A98 /* Products */,
			);
			sourceTree = "<group>";
		};
		185FC0FB254215A6007B7A98 /* Products */ = {
			isa = PBXGroup;
			children = (
				185FC0FA254215A6007B7A98 /* Instagram.app */,
				185FC110254215A9007B7A98 /* InstagramTests.xctest */,
				185FC11B254215A9007B7A98 /* InstagramUITests.xctest */,
			);
			name = Products;
			sourceTree = "<group>";
		};
		185FC0FC254215A6007B7A98 /* Instagram */ = {
			isa = PBXGroup;
			children = (
				185FC0FD254215A6007B7A98 /* AppDelegate.swift */,
				185FC0FF254215A6007B7A98 /* SceneDelegate.swift */,
				185FC101254215A6007B7A98 /* ViewController.swift */,
				185FC103254215A6007B7A98 /* Main.storyboard */,
				185FC106254215A9007B7A98 /* Assets.xcassets */,
				185FC108254215A9007B7A98 /* LaunchScreen.storyboard */,
				185FC10B254215A9007B7A98 /* Info.plist */,
			);
			path = Instagram;
			sourceTree = "<group>";
		};
		185FC113254215A9007B7A98 /* InstagramTests */ = {
			isa = PBXGroup;
			children = (
				185FC114254215A9007B7A98 /* InstagramTests.swift */,
				185FC116254215A9007B7A98 /* Info.plist */,
			);
			path = InstagramTests;
			sourceTree = "<group>";
		};
		185FC11E254215A9007B7A98 /* InstagramUITests */ = {
			isa = PBXGroup;
			children = (
				185FC11F254215A9007B7A98 /* InstagramUITests.swift */,
				185FC121254215A9007B7A98 /* Info.plist */,
			);
			path = InstagramUITests;
			sourceTree = "<group>";
		};
/* End PBXGroup section */

/* Begin PBXNativeTarget section */
		185FC0F9254215A6007B7A98 /* Instagram */ = {
			isa = PBXNativeTarget;
			buildConfigurationList = 185FC124254215A9007B7A98 /* Build configuration list for PBXNativeTarget "Instagram" */;
			buildPhases = (
				185FC0F6254215A6007B7A98 /* Sources */,
				185FC0F7254215A6007B7A98 /* Frameworks */,
				185FC0F8254215A6007B7A98 /* Resources */,
			);
			buildRules = (
			);
			dependencies = (
			);
			name = Instagram;
			productName = Instagram;
			productReference = 185FC0FA254215A6007B7A98 /* Instagram.app */;
			productType = "com.apple.product-type.application";
		};
		185FC10F254215A9007B7A98 /* InstagramTests */ = {
			isa = PBXNativeTarget;
			buildConfigurationList = 185FC127254215A9007B7A98 /* Build configuration list for PBXNativeTarget "InstagramTests" */;
			buildPhases = (
				185FC10C254215A9007B7A98 /* Sources */,
				185FC10D254215A9007B7A98 /* Frameworks */,
				185FC10E254215A9007B7A98 /* Resources */,
			);
			buildRules = (
			);
			dependencies = (
				185FC112254215A9007B7A98 /* PBXTargetDependency */,
			);
			name = InstagramTests;
			productName = InstagramTests;
			productReference = 185FC110254215A9007B7A98 /* InstagramTests.xctest */;
			productType = "com.apple.product-type.bundle.unit-test";
		};
		185FC11A254215A9007B7A98 /* InstagramUITests */ = {
			isa = PBXNativeTarget;
			buildConfigurationList = 185FC12A254215A9007B7A98 /* Build configuration list for PBXNativeTarget "InstagramUITests" */;
			buildPhases = (
				185FC117254215A9007B7A98 /* Sources */,
				185FC118254215A9007B7A98 /* Frameworks */,
				185FC119254215A9007B7A98 /* Resources */,
			);
			buildRules = (
			);
			dependencies = (
				185FC11D254215A9007B7A98 /* PBXTargetDependency */,
			);
			name = InstagramUITests;
			productName = InstagramUITests;
			productReference = 185FC11B254215A9007B7A98 /* InstagramUITests.xctest */;
			productType = "com.apple.product-type.bundle.ui-testing";
		};
/* End PBXNativeTarget section */

/* Begin PBXProject section */
		185FC0F2254215A6007B7A98 /* Project object */ = {
			isa = PBXProject;
			attributes = {
				LastSwiftUpdateCheck = 1200;
				LastUpgradeCheck = 1200;
				TargetAttributes = {
					185FC0F9254215A6007B7A98 = {
						CreatedOnToolsVersion = 12.0.1;
					};
					185FC10F254215A9007B7A98 = {
						CreatedOnToolsVersion = 12.0.1;
						TestTargetID = 185FC0F9254215A6007B7A98;
					};
					185FC11A254215A9007B7A98 = {
						CreatedOnToolsVersion = 12.0.1;
						TestTargetID = 185FC0F9254215A6007B7A98;
					};
				};
			};
			buildConfigurationList = 185FC0F5254215A6007B7A98 /* Build configuration list for PBXProject "Instagram" */;
			compatibilityVersion = "Xcode 9.3";
			developmentRegion = en;
			hasScannedForEncodings = 0;
			knownRegions = (
				en,
				Base,
			);
			mainGroup = 185FC0F1254215A6007B7A98;
			productRefGroup = 185FC0FB254215A6007B7A98 /* Products */;
			projectDirPath = "";
			projectRoot = "";
			targets = (
				185FC0F9254215A6007B7A98 /* Instagram */,
				185FC10F254215A9007B7A98 /* InstagramTests */,
				185FC11A254215A9007B7A98 /* InstagramUITests */,
			);
		};
/* End PBXProject section */

/* Begin PBXResourcesBuildPhase section */
		185FC0F8254215A6007B7A98 /* Resources */ = {
			isa = PBXResourcesBuildPhase;
			buildActionMask = 2147483647;
			files = (
				185FC10A254215A9007B7A98 /* LaunchScreen.storyboard in Resources */,
				185FC107254215A9007B7A98 /* Assets.xcassets in Resources */,
				185FC105254215A6007B7A98 /* Main.storyboard in Resources */,
			);
			runOnlyForDeploymentPostprocessing = 0;
		};
		185FC10E254215A9007B7A98 /* Resources */ = {
			isa = PBXResourcesBuildPhase;
			buildActionMask = 2147483647;
			files = (
			);
			runOnlyForDeploymentPostprocessing = 0;
		};
		185FC119254215A9007B7A98 /* Resources */ = {
			isa = PBXResourcesBuildPhase;
			buildActionMask = 2147483647;
			files = (
			);
			runOnlyForDeploymentPostprocessing = 0;
		};
/* End PBXResourcesBuildPhase section */

/* Begin PBXSourcesBuildPhase section */
		185FC0F6254215A6007B7A98 /* Sources */ = {
			isa = PBXSourcesBuildPhase;
			buildActionMask = 2147483647;
			files = (
				185FC102254215A6007B7A98 /* ViewController.swift in Sources */,
				185FC0FE254215A6007B7A98 /* AppDelegate.swift in Sources */,
				185FC100254215A6007B7A98 /* SceneDelegate.swift in Sources */,
			);
			runOnlyForDeploymentPostprocessing = 0;
		};
		185FC10C254215A9007B7A98 /* Sources */ = {
			isa = PBXSourcesBuildPhase;
			buildActionMask = 2147483647;
			files = (
				185FC115254215A9007B7A98 /* InstagramTests.swift in Sources */,
			);
			runOnlyForDeploymentPostprocessing = 0;
		};
		185FC117254215A9007B7A98 /* Sources */ = {
			isa = PBXSourcesBuildPhase;
			buildActionMask = 2147483647;
			files = (
				185FC120254215A9007B7A98 /* InstagramUITests.swift in Sources */,
			);
			runOnlyForDeploymentPostprocessing = 0;
		};
/* End PBXSourcesBuildPhase section */

/* Begin PBXTargetDependency section */
		185FC112254215A9007B7A98 /* PBXTargetDependency */ = {
			isa = PBXTargetDependency;
			target = 185FC0F9254215A6007B7A98 /* Instagram */;
			targetProxy = 185FC111254215A9007B7A98 /* PBXContainerItemProxy */;
		};
		185FC11D254215A9007B7A98 /* PBXTargetDependency */ = {
			isa = PBXTargetDependency;
			target = 185FC0F9254215A6007B7A98 /* Instagram */;
			targetProxy = 185FC11C254215A9007B7A98 /* PBXContainerItemProxy */;
		};
/* End PBXTargetDependency section */

/* Begin PBXVariantGroup section */
		185FC103254215A6007B7A98 /* Main.storyboard */ = {
			isa = PBXVariantGroup;
			children = (
				185FC104254215A6007B7A98 /* Base */,
			);
			name = Main.storyboard;
			sourceTree = "<group>";
		};
		185FC108254215A9007B7A98 /* LaunchScreen.storyboard */ = {
			isa = PBXVariantGroup;
			children = (
				185FC109254215A9007B7A98 /* Base */,
			);
			name = LaunchScreen.storyboard;
			sourceTree = "<group>";
		};
/* End PBXVariantGroup section */

/* Begin XCBuildConfiguration section */
		185FC122254215A9007B7A98 /* Debug */ = {
			isa = XCBuildConfiguration;
			buildSettings = {
				ALWAYS_SEARCH_USER_PATHS = NO;
				CLANG_ANALYZER_NONNULL = YES;
				CLANG_ANALYZER_NUMBER_OBJECT_CONVERSION = YES_AGGRESSIVE;
				CLANG_CXX_LANGUAGE_STANDARD = "gnu++14";
				CLANG_CXX_LIBRARY = "libc++";
				CLANG_ENABLE_MODULES = YES;
				CLANG_ENABLE_OBJC_ARC = YES;
				CLANG_ENABLE_OBJC_WEAK = YES;
				CLANG_WARN_BLOCK_CAPTURE_AUTORELEASING = YES;
				CLANG_WARN_BOOL_CONVERSION = YES;
				CLANG_WARN_COMMA = YES;
				CLANG_WARN_CONSTANT_CONVERSION = YES;
				CLANG_WARN_DEPRECATED_OBJC_IMPLEMENTATIONS = YES;
				CLANG_WARN_DIRECT_OBJC_ISA_USAGE = YES_ERROR;
				CLANG_WARN_DOCUMENTATION_COMMENTS = YES;
				CLANG_WARN_EMPTY_BODY = YES;
				CLANG_WARN_ENUM_CONVERSION = YES;
				CLANG_WARN_INFINITE_RECURSION = YES;
				CLANG_WARN_INT_CONVERSION = YES;
				CLANG_WARN_NON_LITERAL_NULL_CONVERSION = YES;
				CLANG_WARN_OBJC_IMPLICIT_RETAIN_SELF = YES;
				CLANG_WARN_OBJC_LITERAL_CONVERSION = YES;
				CLANG_WARN_OBJC_ROOT_CLASS = YES_ERROR;
				CLANG_WARN_QUOTED_INCLUDE_IN_FRAMEWORK_HEADER = YES;
				CLANG_WARN_RANGE_LOOP_ANALYSIS = YES;
				CLANG_WARN_STRICT_PROTOTYPES = YES;
				CLANG_WARN_SUSPICIOUS_MOVE = YES;
				CLANG_WARN_UNGUARDED_AVAILABILITY = YES_AGGRESSIVE;
				CLANG_WARN_UNREACHABLE_CODE = YES;
				CLANG_WARN__DUPLICATE_METHOD_MATCH = YES;
				COPY_PHASE_STRIP = NO;
				DEBUG_INFORMATION_FORMAT = dwarf;
				ENABLE_STRICT_OBJC_MSGSEND = YES;
				ENABLE_TESTABILITY = YES;
				GCC_C_LANGUAGE_STANDARD = gnu11;
				GCC_DYNAMIC_NO_PIC = NO;
				GCC_NO_COMMON_BLOCKS = YES;
				GCC_OPTIMIZATION_LEVEL = 0;
				GCC_PREPROCESSOR_DEFINITIONS = (
					"DEBUG=1",
					"$(inherited)",
				);
				GCC_WARN_64_TO_32_BIT_CONVERSION = YES;
				GCC_WARN_ABOUT_RETURN_TYPE = YES_ERROR;
				GCC_WARN_UNDECLARED_SELECTOR = YES;
				GCC_WARN_UNINITIALIZED_AUTOS = YES_AGGRESSIVE;
				GCC_WARN_UNUSED_FUNCTION = YES;
				GCC_WARN_UNUSED_VARIABLE = YES;
				IPHONEOS_DEPLOYMENT_TARGET = 14.0;
				MTL_ENABLE_DEBUG_INFO = INCLUDE_SOURCE;
				MTL_FAST_MATH = YES;
				ONLY_ACTIVE_ARCH = YES;
				SDKROOT = iphoneos;
				SWIFT_ACTIVE_COMPILATION_CONDITIONS = DEBUG;
				SWIFT_OPTIMIZATION_LEVEL = "-Onone";
			};
			name = Debug;
		};
		185FC123254215A9007B7A98 /* Release */ = {
			isa = XCBuildConfiguration;
			buildSettings = {
				ALWAYS_SEARCH_USER_PATHS = NO;
				CLANG_ANALYZER_NONNULL = YES;
				CLANG_ANALYZER_NUMBER_OBJECT_CONVERSION = YES_AGGRESSIVE;
				CLANG_CXX_LANGUAGE_STANDARD = "gnu++14";
				CLANG_CXX_LIBRARY = "libc++";
				CLANG_ENABLE_MODULES = YES;
				CLANG_ENABLE_OBJC_ARC = YES;
				CLANG_ENABLE_OBJC_WEAK = YES;
				CLANG_WARN_BLOCK_CAPTURE_AUTORELEASING = YES;
				CLANG_WARN_BOOL_CONVERSION = YES;
				CLANG_WARN_COMMA = YES;
				CLANG_WARN_CONSTANT_CONVERSION = YES;
				CLANG_WARN_DEPRECATED_OBJC_IMPLEMENTATIONS = YES;
				CLANG_WARN_DIRECT_OBJC_ISA_USAGE = YES_ERROR;
				CLANG_WARN_DOCUMENTATION_COMMENTS = YES;
				CLANG_WARN_EMPTY_BODY = YES;
				CLANG_WARN_ENUM_CONVERSION = YES;
				CLANG_WARN_INFINITE_RECURSION = YES;
				CLANG_WARN_INT_CONVERSION = YES;
				CLANG_WARN_NON_LITERAL_NULL_CONVERSION = YES;
				CLANG_WARN_OBJC_IMPLICIT_RETAIN_SELF = YES;
				CLANG_WARN_OBJC_LITERAL_CONVERSION = YES;
				CLANG_WARN_OBJC_ROOT_CLASS = YES_ERROR;
				CLANG_WARN_QUOTED_INCLUDE_IN_FRAMEWORK_HEADER = YES;
				CLANG_WARN_RANGE_LOOP_ANALYSIS = YES;
				CLANG_WARN_STRICT_PROTOTYPES = YES;
				CLANG_WARN_SUSPICIOUS_MOVE = YES;
				CLANG_WARN_UNGUARDED_AVAILABILITY = YES_AGGRESSIVE;
				CLANG_WARN_UNREACHABLE_CODE = YES;
				CLANG_WARN__DUPLICATE_METHOD_MATCH = YES;
				COPY_PHASE_STRIP = NO;
				DEBUG_INFORMATION_FORMAT = "dwarf-with-dsym";
				ENABLE_NS_ASSERTIONS = NO;
				ENABLE_STRICT_OBJC_MSGSEND = YES;
				GCC_C_LANGUAGE_STANDARD = gnu11;
				GCC_NO_COMMON_BLOCKS = YES;
				GCC_WARN_64_TO_32_BIT_CONVERSION = YES;
				GCC_WARN_ABOUT_RETURN_TYPE = YES_ERROR;
				GCC_WARN_UNDECLARED_SELECTOR = YES;
				GCC_WARN_UNINITIALIZED_AUTOS = YES_AGGRESSIVE;
				GCC_WARN_UNUSED_FUNCTION = YES;
				GCC_WARN_UNUSED_VARIABLE = YES;
				IPHONEOS_DEPLOYMENT_TARGET = 14.0;
				MTL_ENABLE_DEBUG_INFO = NO;
				MTL_FAST_MATH = YES;
				SDKROOT = iphoneos;
				SWIFT_COMPILATION_MODE = wholemodule;
				SWIFT_OPTIMIZATION_LEVEL = "-O";
				VALIDATE_PRODUCT = YES;
			};
			name = Release;
		};
		185FC125254215A9007B7A98 /* Debug */ = {
			isa = XCBuildConfiguration;
			buildSettings = {
				ASSETCATALOG_COMPILER_APPICON_NAME = AppIcon;
				ASSETCATALOG_COMPILER_GLOBAL_ACCENT_COLOR_NAME = AccentColor;
				CODE_SIGN_STYLE = Automatic;
				INFOPLIST_FILE = Instagram/Info.plist;
				LD_RUNPATH_SEARCH_PATHS = (
					"$(inherited)",
					"@executable_path/Frameworks",
				);
				PRODUCT_BUNDLE_IDENTIFIER = Codepath.Instagram;
				PRODUCT_NAME = "$(TARGET_NAME)";
				SWIFT_VERSION = 5.0;
				TARGETED_DEVICE_FAMILY = "1,2";
			};
			name = Debug;
		};
		185FC126254215A9007B7A98 /* Release */ = {
			isa = XCBuildConfiguration;
			buildSettings = {
				ASSETCATALOG_COMPILER_APPICON_NAME = AppIcon;
				ASSETCATALOG_COMPILER_GLOBAL_ACCENT_COLOR_NAME = AccentColor;
				CODE_SIGN_STYLE = Automatic;
				INFOPLIST_FILE = Instagram/Info.plist;
				LD_RUNPATH_SEARCH_PATHS = (
					"$(inherited)",
					"@executable_path/Frameworks",
				);
				PRODUCT_BUNDLE_IDENTIFIER = Codepath.Instagram;
				PRODUCT_NAME = "$(TARGET_NAME)";
				SWIFT_VERSION = 5.0;
				TARGETED_DEVICE_FAMILY = "1,2";
			};
			name = Release;
		};
		185FC128254215A9007B7A98 /* Debug */ = {
			isa = XCBuildConfiguration;
			buildSettings = {
				ALWAYS_EMBED_SWIFT_STANDARD_LIBRARIES = YES;
				BUNDLE_LOADER = "$(TEST_HOST)";
				CODE_SIGN_STYLE = Automatic;
				INFOPLIST_FILE = InstagramTests/Info.plist;
				IPHONEOS_DEPLOYMENT_TARGET = 14.0;
				LD_RUNPATH_SEARCH_PATHS = (
					"$(inherited)",
					"@executable_path/Frameworks",
					"@loader_path/Frameworks",
				);
				PRODUCT_BUNDLE_IDENTIFIER = Codepath.InstagramTests;
				PRODUCT_NAME = "$(TARGET_NAME)";
				SWIFT_VERSION = 5.0;
				TARGETED_DEVICE_FAMILY = "1,2";
				TEST_HOST = "$(BUILT_PRODUCTS_DIR)/Instagram.app/Instagram";
			};
			name = Debug;
		};
		185FC129254215A9007B7A98 /* Release */ = {
			isa = XCBuildConfiguration;
			buildSettings = {
				ALWAYS_EMBED_SWIFT_STANDARD_LIBRARIES = YES;
				BUNDLE_LOADER = "$(TEST_HOST)";
				CODE_SIGN_STYLE = Automatic;
				INFOPLIST_FILE = InstagramTests/Info.plist;
				IPHONEOS_DEPLOYMENT_TARGET = 14.0;
				LD_RUNPATH_SEARCH_PATHS = (
					"$(inherited)",
					"@executable_path/Frameworks",
					"@loader_path/Frameworks",
				);
				PRODUCT_BUNDLE_IDENTIFIER = Codepath.InstagramTests;
				PRODUCT_NAME = "$(TARGET_NAME)";
				SWIFT_VERSION = 5.0;
				TARGETED_DEVICE_FAMILY = "1,2";
				TEST_HOST = "$(BUILT_PRODUCTS_DIR)/Instagram.app/Instagram";
			};
			name = Release;
		};
		185FC12B254215A9007B7A98 /* Debug */ = {
			isa = XCBuildConfiguration;
			buildSettings = {
				ALWAYS_EMBED_SWIFT_STANDARD_LIBRARIES = YES;
				CODE_SIGN_STYLE = Automatic;
				INFOPLIST_FILE = InstagramUITests/Info.plist;
				LD_RUNPATH_SEARCH_PATHS = (
					"$(inherited)",
					"@executable_path/Frameworks",
					"@loader_path/Frameworks",
				);
				PRODUCT_BUNDLE_IDENTIFIER = Codepath.InstagramUITests;
				PRODUCT_NAME = "$(TARGET_NAME)";
				SWIFT_VERSION = 5.0;
				TARGETED_DEVICE_FAMILY = "1,2";
				TEST_TARGET_NAME = Instagram;
			};
			name = Debug;
		};
		185FC12C254215A9007B7A98 /* Release */ = {
			isa = XCBuildConfiguration;
			buildSettings = {
				ALWAYS_EMBED_SWIFT_STANDARD_LIBRARIES = YES;
				CODE_SIGN_STYLE = Automatic;
				INFOPLIST_FILE = InstagramUITests/Info.plist;
				LD_RUNPATH_SEARCH_PATHS = (
					"$(inherited)",
					"@executable_path/Frameworks",
					"@loader_path/Frameworks",
				);
				PRODUCT_BUNDLE_IDENTIFIER = Codepath.InstagramUITests;
				PRODUCT_NAME = "$(TARGET_NAME)";
				SWIFT_VERSION = 5.0;
				TARGETED_DEVICE_FAMILY = "1,2";
				TEST_TARGET_NAME = Instagram;
			};
			name = Release;
		};
/* End XCBuildConfiguration section */

/* Begin XCConfigurationList section */
		185FC0F5254215A6007B7A98 /* Build configuration list for PBXProject "Instagram" */ = {
			isa = XCConfigurationList;
			buildConfigurations = (
				185FC122254215A9007B7A98 /* Debug */,
				185FC123254215A9007B7A98 /* Release */,
			);
			defaultConfigurationIsVisible = 0;
			defaultConfigurationName = Release;
		};
		185FC124254215A9007B7A98 /* Build configuration list for PBXNativeTarget "Instagram" */ = {
			isa = XCConfigurationList;
			buildConfigurations = (
				185FC125254215A9007B7A98 /* Debug */,
				185FC126254215A9007B7A98 /* Release */,
			);
			defaultConfigurationIsVisible = 0;
			defaultConfigurationName = Release;
		};
		185FC127254215A9007B7A98 /* Build configuration list for PBXNativeTarget "InstagramTests" */ = {
			isa = XCConfigurationList;
			buildConfigurations = (
				185FC128254215A9007B7A98 /* Debug */,
				185FC129254215A9007B7A98 /* Release */,
			);
			defaultConfigurationIsVisible = 0;
			defaultConfigurationName = Release;
		};
		185FC12A254215A9007B7A98 /* Build configuration list for PBXNativeTarget "InstagramUITests" */ = {
			isa = XCConfigurationList;
			buildConfigurations = (
				185FC12B254215A9007B7A98 /* Debug */,
				185FC12C254215A9007B7A98 /* Release */,
			);
			defaultConfigurationIsVisible = 0;
			defaultConfigurationName = Release;
		};
/* End XCConfigurationList section */
	};
	rootObject = 185FC0F2254215A6007B7A98 /* Project object */;
}
